
Microsoft Visual Studio Solution File, Format Version 12.00
# Visual Studio Version 16
VisualStudioVersion = 16.0.32126.315
MinimumVisualStudioVersion = 10.0.40219.1
Project("{9A19103F-16F7-4668-BE54-9A1E7A4F7556}") = "MainMenu", "WpfApp1\MainMenu.csproj", "{8E6F7A76-CBA1-4CFF-8D6B-DBFE0934F6F3}"
EndProject
Global
	GlobalSection(SolutionConfigurationPlatforms) = preSolution
		Debug|Any CPU = Debug|Any CPU
		Release|Any CPU = Release|Any CPU
	EndGlobalSection
	GlobalSection(ProjectConfigurationPlatforms) = postSolution
		{8E6F7A76-CBA1-4CFF-8D6B-DBFE0934F6F3}.Debug|Any CPU.ActiveCfg = Debug|Any CPU
		{8E6F7A76-CBA1-4CFF-8D6B-DBFE0934F6F3}.Debug|Any CPU.Build.0 = Debug|Any CPU
		{8E6F7A76-CBA1-4CFF-8D6B-DBFE0934F6F3}.Release|Any CPU.ActiveCfg = Release|Any CPU
		{8E6F7A76-CBA1-4CFF-8D6B-DBFE0934F6F3}.Release|Any CPU.Build.0 = Release|Any CPU
	EndGlobalSection
	GlobalSection(SolutionProperties) = preSolution
		HideSolutionNode = FALSE
	EndGlobalSection
	GlobalSection(ExtensibilityGlobals) = postSolution
		SolutionGuid = {180ECB3D-A388-43E1-BBF8-7B679883B86E}
	EndGlobalSection
EndGlobal
